
Microsoft Visual Studio Solution File, Format Version 12.00
# Visual Studio 15
VisualStudioVersion = 15.0.27428.2005
MinimumVisualStudioVersion = 10.0.40219.1
Project("{FAE04EC0-301F-11D3-BF4B-00C04F79EFBC}") = "KSPLogger", "KSPLogger\KSPLogger.csproj", "{21109C91-3B88-4F30-8462-9581B90F7D82}"
EndProject
Project("{2150E333-8FDC-42A3-9474-1A3956D46DE8}") = "SolutionFolder", "SolutionFolder", "{4A2916C9-EB94-4D52-9BF6-8D2D34BDF14A}"
	ProjectSection(SolutionItems) = preProject
		buildRelease.bat = buildRelease.bat
		ChangeLog.txt = ChangeLog.txt
		deploy.bat = deploy.bat
		jenkins.txt = jenkins.txt
		GameData\KSPLogger\KSPLogger.cfg = GameData\KSPLogger\KSPLogger.cfg
		KSPLogger.version = KSPLogger.version
		LICENSE.txt = LICENSE.txt
		README.md = README.md
	EndProjectSection
EndProject
Global
	GlobalSection(SolutionConfigurationPlatforms) = preSolution
		Debug|Any CPU = Debug|Any CPU
		Release|Any CPU = Release|Any CPU
	EndGlobalSection
	GlobalSection(ProjectConfigurationPlatforms) = postSolution
		{21109C91-3B88-4F30-8462-9581B90F7D82}.Debug|Any CPU.ActiveCfg = Debug|Any CPU
		{21109C91-3B88-4F30-8462-9581B90F7D82}.Debug|Any CPU.Build.0 = Debug|Any CPU
		{21109C91-3B88-4F30-8462-9581B90F7D82}.Release|Any CPU.ActiveCfg = Release|Any CPU
		{21109C91-3B88-4F30-8462-9581B90F7D82}.Release|Any CPU.Build.0 = Release|Any CPU
	EndGlobalSection
	GlobalSection(SolutionProperties) = preSolution
		HideSolutionNode = FALSE
	EndGlobalSection
	GlobalSection(ExtensibilityGlobals) = postSolution
		SolutionGuid = {0C1CA7BC-C521-49C4-818E-ADC6BACB3896}
	EndGlobalSection
EndGlobal
